// !$*UTF8*$!
{
	archiveVersion = 1;
	classes = {
	};
	objectVersion = 56;
	objects = {

/* Begin PBXBuildFile section */
		141B73D62A4E070D00789D92 /* Book.swift in Sources */ = {isa = PBXBuildFile; fileRef = 141B73D52A4E070D00789D92 /* Book.swift */; };
		141B73D82A4E076000789D92 /* BookView.swift in Sources */ = {isa = PBXBuildFile; fileRef = 141B73D72A4E076000789D92 /* BookView.swift */; };
		141B73DA2A4E263A00789D92 /* StaffRecs.swift in Sources */ = {isa = PBXBuildFile; fileRef = 141B73D92A4E263A00789D92 /* StaffRecs.swift */; };
		141D3FBD2A4DD52C00738A57 /* BookClubView.swift in Sources */ = {isa = PBXBuildFile; fileRef = 141D3FBC2A4DD52C00738A57 /* BookClubView.swift */; };
		145697AE2A4E7AEF00FBA262 /* RecVIew.swift in Sources */ = {isa = PBXBuildFile; fileRef = 145697AD2A4E7AEF00FBA262 /* RecVIew.swift */; };
		145697B02A4E80E400FBA262 /* SplashScreenView.swift in Sources */ = {isa = PBXBuildFile; fileRef = 145697AF2A4E80E400FBA262 /* SplashScreenView.swift */; };
		148761E32A4CCEB3005BA0AC /* FinalProjectApp.swift in Sources */ = {isa = PBXBuildFile; fileRef = 148761E22A4CCEB3005BA0AC /* FinalProjectApp.swift */; };
		148761E52A4CCEB3005BA0AC /* ContentView.swift in Sources */ = {isa = PBXBuildFile; fileRef = 148761E42A4CCEB3005BA0AC /* ContentView.swift */; };
		148761E72A4CCEB4005BA0AC /* Assets.xcassets in Resources */ = {isa = PBXBuildFile; fileRef = 148761E62A4CCEB4005BA0AC /* Assets.xcassets */; };
		148761EA2A4CCEB4005BA0AC /* Preview Assets.xcassets in Resources */ = {isa = PBXBuildFile; fileRef = 148761E92A4CCEB4005BA0AC /* Preview Assets.xcassets */; };
		148761F12A4CD4D7005BA0AC /* Gravitas_One.zip in Resources */ = {isa = PBXBuildFile; fileRef = 148761F02A4CD4D7005BA0AC /* Gravitas_One.zip */; };
		148761F62A4CD6C3005BA0AC /* SignIn.swift in Sources */ = {isa = PBXBuildFile; fileRef = 148761F52A4CD6C3005BA0AC /* SignIn.swift */; };
		148761F82A4CDF87005BA0AC /* LibraryView.swift in Sources */ = {isa = PBXBuildFile; fileRef = 148761F72A4CDF87005BA0AC /* LibraryView.swift */; };
		148761FA2A4CDF8F005BA0AC /* QuizView.swift in Sources */ = {isa = PBXBuildFile; fileRef = 148761F92A4CDF8F005BA0AC /* QuizView.swift */; };
		148761FC2A4CE071005BA0AC /* HomeView.swift in Sources */ = {isa = PBXBuildFile; fileRef = 148761FB2A4CE071005BA0AC /* HomeView.swift */; };
/* End PBXBuildFile section */

/* Begin PBXFileReference section */
		141B73D52A4E070D00789D92 /* Book.swift */ = {isa = PBXFileReference; lastKnownFileType = sourcecode.swift; path = Book.swift; sourceTree = "<group>"; };
		141B73D72A4E076000789D92 /* BookView.swift */ = {isa = PBXFileReference; lastKnownFileType = sourcecode.swift; path = BookView.swift; sourceTree = "<group>"; };
		141B73D92A4E263A00789D92 /* StaffRecs.swift */ = {isa = PBXFileReference; lastKnownFileType = sourcecode.swift; path = StaffRecs.swift; sourceTree = "<group>"; };
		141D3FBC2A4DD52C00738A57 /* BookClubView.swift */ = {isa = PBXFileReference; lastKnownFileType = sourcecode.swift; path = BookClubView.swift; sourceTree = "<group>"; };
		145697AD2A4E7AEF00FBA262 /* RecVIew.swift */ = {isa = PBXFileReference; lastKnownFileType = sourcecode.swift; path = RecVIew.swift; sourceTree = "<group>"; };
		145697AF2A4E80E400FBA262 /* SplashScreenView.swift */ = {isa = PBXFileReference; lastKnownFileType = sourcecode.swift; path = SplashScreenView.swift; sourceTree = "<group>"; };
		148761DF2A4CCEB3005BA0AC /* FinalProject.app */ = {isa = PBXFileReference; explicitFileType = wrapper.application; includeInIndex = 0; path = FinalProject.app; sourceTree = BUILT_PRODUCTS_DIR; };
		148761E22A4CCEB3005BA0AC /* FinalProjectApp.swift */ = {isa = PBXFileReference; lastKnownFileType = sourcecode.swift; path = FinalProjectApp.swift; sourceTree = "<group>"; };
		148761E42A4CCEB3005BA0AC /* ContentView.swift */ = {isa = PBXFileReference; lastKnownFileType = sourcecode.swift; path = ContentView.swift; sourceTree = "<group>"; };
		148761E62A4CCEB4005BA0AC /* Assets.xcassets */ = {isa = PBXFileReference; lastKnownFileType = folder.assetcatalog; path = Assets.xcassets; sourceTree = "<group>"; };
		148761E92A4CCEB4005BA0AC /* Preview Assets.xcassets */ = {isa = PBXFileReference; lastKnownFileType = folder.assetcatalog; path = "Preview Assets.xcassets"; sourceTree = "<group>"; };
		148761F02A4CD4D7005BA0AC /* Gravitas_One.zip */ = {isa = PBXFileReference; lastKnownFileType = archive.zip; path = Gravitas_One.zip; sourceTree = "<group>"; };
		148761F22A4CD50A005BA0AC /* Info.plist */ = {isa = PBXFileReference; lastKnownFileType = text.plist; path = Info.plist; sourceTree = "<group>"; };
		148761F52A4CD6C3005BA0AC /* SignIn.swift */ = {isa = PBXFileReference; lastKnownFileType = sourcecode.swift; path = SignIn.swift; sourceTree = "<group>"; };
		148761F72A4CDF87005BA0AC /* LibraryView.swift */ = {isa = PBXFileReference; lastKnownFileType = sourcecode.swift; path = LibraryView.swift; sourceTree = "<group>"; };
		148761F92A4CDF8F005BA0AC /* QuizView.swift */ = {isa = PBXFileReference; lastKnownFileType = sourcecode.swift; path = QuizView.swift; sourceTree = "<group>"; };
		148761FB2A4CE071005BA0AC /* HomeView.swift */ = {isa = PBXFileReference; lastKnownFileType = sourcecode.swift; path = HomeView.swift; sourceTree = "<group>"; };
/* End PBXFileReference section */

/* Begin PBXFrameworksBuildPhase section */
		148761DC2A4CCEB3005BA0AC /* Frameworks */ = {
			isa = PBXFrameworksBuildPhase;
			buildActionMask = 2147483647;
			files = (
			);
			runOnlyForDeploymentPostprocessing = 0;
		};
/* End PBXFrameworksBuildPhase section */

/* Begin PBXGroup section */
		148761D62A4CCEB3005BA0AC = {
			isa = PBXGroup;
			children = (
				148761FB2A4CE071005BA0AC /* HomeView.swift */,
				141B73D92A4E263A00789D92 /* StaffRecs.swift */,
				145697AD2A4E7AEF00FBA262 /* RecVIew.swift */,
				148761F02A4CD4D7005BA0AC /* Gravitas_One.zip */,
				148761E12A4CCEB3005BA0AC /* FinalProject */,
				148761E02A4CCEB3005BA0AC /* Products */,
			);
			sourceTree = "<group>";
		};
		148761E02A4CCEB3005BA0AC /* Products */ = {
			isa = PBXGroup;
			children = (
				148761DF2A4CCEB3005BA0AC /* FinalProject.app */,
			);
			name = Products;
			sourceTree = "<group>";
		};
		148761E12A4CCEB3005BA0AC /* FinalProject */ = {
			isa = PBXGroup;
			children = (
				148761F22A4CD50A005BA0AC /* Info.plist */,
				148761E22A4CCEB3005BA0AC /* FinalProjectApp.swift */,
				148761E42A4CCEB3005BA0AC /* ContentView.swift */,
				148761F72A4CDF87005BA0AC /* LibraryView.swift */,
				145697AF2A4E80E400FBA262 /* SplashScreenView.swift */,
				141B73D52A4E070D00789D92 /* Book.swift */,
				141B73D72A4E076000789D92 /* BookView.swift */,
				148761F92A4CDF8F005BA0AC /* QuizView.swift */,
				141D3FBC2A4DD52C00738A57 /* BookClubView.swift */,
				148761F52A4CD6C3005BA0AC /* SignIn.swift */,
				148761E62A4CCEB4005BA0AC /* Assets.xcassets */,
				148761E82A4CCEB4005BA0AC /* Preview Content */,
			);
			path = FinalProject;
			sourceTree = "<group>";
		};
		148761E82A4CCEB4005BA0AC /* Preview Content */ = {
			isa = PBXGroup;
			children = (
				148761E92A4CCEB4005BA0AC /* Preview Assets.xcassets */,
			);
			path = "Preview Content";
			sourceTree = "<group>";
		};
/* End PBXGroup section */

/* Begin PBXNativeTarget section */
		148761DE2A4CCEB3005BA0AC /* FinalProject */ = {
			isa = PBXNativeTarget;
			buildConfigurationList = 148761ED2A4CCEB4005BA0AC /* Build configuration list for PBXNativeTarget "FinalProject" */;
			buildPhases = (
				148761DB2A4CCEB3005BA0AC /* Sources */,
				148761DC2A4CCEB3005BA0AC /* Frameworks */,
				148761DD2A4CCEB3005BA0AC /* Resources */,
			);
			buildRules = (
			);
			dependencies = (
			);
			name = FinalProject;
			productName = FinalProject;
			productReference = 148761DF2A4CCEB3005BA0AC /* FinalProject.app */;
			productType = "com.apple.product-type.application";
		};
/* End PBXNativeTarget section */

/* Begin PBXProject section */
		148761D72A4CCEB3005BA0AC /* Project object */ = {
			isa = PBXProject;
			attributes = {
				BuildIndependentTargetsInParallel = 1;
				LastSwiftUpdateCheck = 1430;
				LastUpgradeCheck = 1430;
				TargetAttributes = {
					148761DE2A4CCEB3005BA0AC = {
						CreatedOnToolsVersion = 14.3.1;
					};
				};
			};
			buildConfigurationList = 148761DA2A4CCEB3005BA0AC /* Build configuration list for PBXProject "FinalProject" */;
			compatibilityVersion = "Xcode 14.0";
			developmentRegion = en;
			hasScannedForEncodings = 0;
			knownRegions = (
				en,
				Base,
			);
			mainGroup = 148761D62A4CCEB3005BA0AC;
			productRefGroup = 148761E02A4CCEB3005BA0AC /* Products */;
			projectDirPath = "";
			projectRoot = "";
			targets = (
				148761DE2A4CCEB3005BA0AC /* FinalProject */,
			);
		};
/* End PBXProject section */

/* Begin PBXResourcesBuildPhase section */
		148761DD2A4CCEB3005BA0AC /* Resources */ = {
			isa = PBXResourcesBuildPhase;
			buildActionMask = 2147483647;
			files = (
				148761EA2A4CCEB4005BA0AC /* Preview Assets.xcassets in Resources */,
				148761E72A4CCEB4005BA0AC /* Assets.xcassets in Resources */,
				148761F12A4CD4D7005BA0AC /* Gravitas_One.zip in Resources */,
			);
			runOnlyForDeploymentPostprocessing = 0;
		};
/* End PBXResourcesBuildPhase section */

/* Begin PBXSourcesBuildPhase section */
		148761DB2A4CCEB3005BA0AC /* Sources */ = {
			isa = PBXSourcesBuildPhase;
			buildActionMask = 2147483647;
			files = (
				141B73D82A4E076000789D92 /* BookView.swift in Sources */,
				141B73DA2A4E263A00789D92 /* StaffRecs.swift in Sources */,
				145697AE2A4E7AEF00FBA262 /* RecVIew.swift in Sources */,
				141B73D62A4E070D00789D92 /* Book.swift in Sources */,
				148761F82A4CDF87005BA0AC /* LibraryView.swift in Sources */,
				148761E52A4CCEB3005BA0AC /* ContentView.swift in Sources */,
				141D3FBD2A4DD52C00738A57 /* BookClubView.swift in Sources */,
				148761FA2A4CDF8F005BA0AC /* QuizView.swift in Sources */,
				148761FC2A4CE071005BA0AC /* HomeView.swift in Sources */,
				148761E32A4CCEB3005BA0AC /* FinalProjectApp.swift in Sources */,
				148761F62A4CD6C3005BA0AC /* SignIn.swift in Sources */,
				145697B02A4E80E400FBA262 /* SplashScreenView.swift in Sources */,
			);
			runOnlyForDeploymentPostprocessing = 0;
		};
/* End PBXSourcesBuildPhase section */

/* Begin XCBuildConfiguration section */
		148761EB2A4CCEB4005BA0AC /* Debug */ = {
			isa = XCBuildConfiguration;
			buildSettings = {
				ALWAYS_SEARCH_USER_PATHS = NO;
				CLANG_ANALYZER_NONNULL = YES;
				CLANG_ANALYZER_NUMBER_OBJECT_CONVERSION = YES_AGGRESSIVE;
				CLANG_CXX_LANGUAGE_STANDARD = "gnu++20";
				CLANG_ENABLE_MODULES = YES;
				CLANG_ENABLE_OBJC_ARC = YES;
				CLANG_ENABLE_OBJC_WEAK = YES;
				CLANG_WARN_BLOCK_CAPTURE_AUTORELEASING = YES;
				CLANG_WARN_BOOL_CONVERSION = YES;
				CLANG_WARN_COMMA = YES;
				CLANG_WARN_CONSTANT_CONVERSION = YES;
				CLANG_WARN_DEPRECATED_OBJC_IMPLEMENTATIONS = YES;
				CLANG_WARN_DIRECT_OBJC_ISA_USAGE = YES_ERROR;
				CLANG_WARN_DOCUMENTATION_COMMENTS = YES;
				CLANG_WARN_EMPTY_BODY = YES;
				CLANG_WARN_ENUM_CONVERSION = YES;
				CLANG_WARN_INFINITE_RECURSION = YES;
				CLANG_WARN_INT_CONVERSION = YES;
				CLANG_WARN_NON_LITERAL_NULL_CONVERSION = YES;
				CLANG_WARN_OBJC_IMPLICIT_RETAIN_SELF = YES;
				CLANG_WARN_OBJC_LITERAL_CONVERSION = YES;
				CLANG_WARN_OBJC_ROOT_CLASS = YES_ERROR;
				CLANG_WARN_QUOTED_INCLUDE_IN_FRAMEWORK_HEADER = YES;
				CLANG_WARN_RANGE_LOOP_ANALYSIS = YES;
				CLANG_WARN_STRICT_PROTOTYPES = YES;
				CLANG_WARN_SUSPICIOUS_MOVE = YES;
				CLANG_WARN_UNGUARDED_AVAILABILITY = YES_AGGRESSIVE;
				CLANG_WARN_UNREACHABLE_CODE = YES;
				CLANG_WARN__DUPLICATE_METHOD_MATCH = YES;
				COPY_PHASE_STRIP = NO;
				DEBUG_INFORMATION_FORMAT = dwarf;
				ENABLE_STRICT_OBJC_MSGSEND = YES;
				ENABLE_TESTABILITY = YES;
				GCC_C_LANGUAGE_STANDARD = gnu11;
				GCC_DYNAMIC_NO_PIC = NO;
				GCC_NO_COMMON_BLOCKS = YES;
				GCC_OPTIMIZATION_LEVEL = 0;
				GCC_PREPROCESSOR_DEFINITIONS = (
					"DEBUG=1",
					"$(inherited)",
				);
				GCC_WARN_64_TO_32_BIT_CONVERSION = YES;
				GCC_WARN_ABOUT_RETURN_TYPE = YES_ERROR;
				GCC_WARN_UNDECLARED_SELECTOR = YES;
				GCC_WARN_UNINITIALIZED_AUTOS = YES_AGGRESSIVE;
				GCC_WARN_UNUSED_FUNCTION = YES;
				GCC_WARN_UNUSED_VARIABLE = YES;
				IPHONEOS_DEPLOYMENT_TARGET = 16.4;
				MTL_ENABLE_DEBUG_INFO = INCLUDE_SOURCE;
				MTL_FAST_MATH = YES;
				ONLY_ACTIVE_ARCH = YES;
				SDKROOT = iphoneos;
				SWIFT_ACTIVE_COMPILATION_CONDITIONS = DEBUG;
				SWIFT_OPTIMIZATION_LEVEL = "-Onone";
			};
			name = Debug;
		};
		148761EC2A4CCEB4005BA0AC /* Release */ = {
			isa = XCBuildConfiguration;
			buildSettings = {
				ALWAYS_SEARCH_USER_PATHS = NO;
				CLANG_ANALYZER_NONNULL = YES;
				CLANG_ANALYZER_NUMBER_OBJECT_CONVERSION = YES_AGGRESSIVE;
				CLANG_CXX_LANGUAGE_STANDARD = "gnu++20";
				CLANG_ENABLE_MODULES = YES;
				CLANG_ENABLE_OBJC_ARC = YES;
				CLANG_ENABLE_OBJC_WEAK = YES;
				CLANG_WARN_BLOCK_CAPTURE_AUTORELEASING = YES;
				CLANG_WARN_BOOL_CONVERSION = YES;
				CLANG_WARN_COMMA = YES;
				CLANG_WARN_CONSTANT_CONVERSION = YES;
				CLANG_WARN_DEPRECATED_OBJC_IMPLEMENTATIONS = YES;
				CLANG_WARN_DIRECT_OBJC_ISA_USAGE = YES_ERROR;
				CLANG_WARN_DOCUMENTATION_COMMENTS = YES;
				CLANG_WARN_EMPTY_BODY = YES;
				CLANG_WARN_ENUM_CONVERSION = YES;
				CLANG_WARN_INFINITE_RECURSION = YES;
				CLANG_WARN_INT_CONVERSION = YES;
				CLANG_WARN_NON_LITERAL_NULL_CONVERSION = YES;
				CLANG_WARN_OBJC_IMPLICIT_RETAIN_SELF = YES;
				CLANG_WARN_OBJC_LITERAL_CONVERSION = YES;
				CLANG_WARN_OBJC_ROOT_CLASS = YES_ERROR;
				CLANG_WARN_QUOTED_INCLUDE_IN_FRAMEWORK_HEADER = YES;
				CLANG_WARN_RANGE_LOOP_ANALYSIS = YES;
				CLANG_WARN_STRICT_PROTOTYPES = YES;
				CLANG_WARN_SUSPICIOUS_MOVE = YES;
				CLANG_WARN_UNGUARDED_AVAILABILITY = YES_AGGRESSIVE;
				CLANG_WARN_UNREACHABLE_CODE = YES;
				CLANG_WARN__DUPLICATE_METHOD_MATCH = YES;
				COPY_PHASE_STRIP = NO;
				DEBUG_INFORMATION_FORMAT = "dwarf-with-dsym";
				ENABLE_NS_ASSERTIONS = NO;
				ENABLE_STRICT_OBJC_MSGSEND = YES;
				GCC_C_LANGUAGE_STANDARD = gnu11;
				GCC_NO_COMMON_BLOCKS = YES;
				GCC_WARN_64_TO_32_BIT_CONVERSION = YES;
				GCC_WARN_ABOUT_RETURN_TYPE = YES_ERROR;
				GCC_WARN_UNDECLARED_SELECTOR = YES;
				GCC_WARN_UNINITIALIZED_AUTOS = YES_AGGRESSIVE;
				GCC_WARN_UNUSED_FUNCTION = YES;
				GCC_WARN_UNUSED_VARIABLE = YES;
				IPHONEOS_DEPLOYMENT_TARGET = 16.4;
				MTL_ENABLE_DEBUG_INFO = NO;
				MTL_FAST_MATH = YES;
				SDKROOT = iphoneos;
				SWIFT_COMPILATION_MODE = wholemodule;
				SWIFT_OPTIMIZATION_LEVEL = "-O";
				VALIDATE_PRODUCT = YES;
			};
			name = Release;
		};
		148761EE2A4CCEB4005BA0AC /* Debug */ = {
			isa = XCBuildConfiguration;
			buildSettings = {
				ASSETCATALOG_COMPILER_APPICON_NAME = AppIcon;
				ASSETCATALOG_COMPILER_GLOBAL_ACCENT_COLOR_NAME = AccentColor;
				CODE_SIGN_STYLE = Automatic;
				CURRENT_PROJECT_VERSION = 1;
				DEVELOPMENT_ASSET_PATHS = "\"FinalProject/Preview Content\"";
				ENABLE_PREVIEWS = YES;
				GENERATE_INFOPLIST_FILE = YES;
				INFOPLIST_FILE = FinalProject/Info.plist;
				INFOPLIST_KEY_UIApplicationSceneManifest_Generation = YES;
				INFOPLIST_KEY_UIApplicationSupportsIndirectInputEvents = YES;
				INFOPLIST_KEY_UILaunchScreen_Generation = YES;
				INFOPLIST_KEY_UISupportedInterfaceOrientations_iPad = "UIInterfaceOrientationPortrait UIInterfaceOrientationPortraitUpsideDown UIInterfaceOrientationLandscapeLeft UIInterfaceOrientationLandscapeRight";
				INFOPLIST_KEY_UISupportedInterfaceOrientations_iPhone = "UIInterfaceOrientationPortrait UIInterfaceOrientationLandscapeLeft UIInterfaceOrientationLandscapeRight";
				LD_RUNPATH_SEARCH_PATHS = (
					"$(inherited)",
					"@executable_path/Frameworks",
				);
				MARKETING_VERSION = 1.0;
				PRODUCT_BUNDLE_IDENTIFIER = kwk.FinalProject;
				PRODUCT_NAME = "$(TARGET_NAME)";
				SWIFT_EMIT_LOC_STRINGS = YES;
				SWIFT_VERSION = 5.0;
				TARGETED_DEVICE_FAMILY = "1,2";
			};
			name = Debug;
		};
		148761EF2A4CCEB4005BA0AC /* Release */ = {
			isa = XCBuildConfiguration;
			buildSettings = {
				ASSETCATALOG_COMPILER_APPICON_NAME = AppIcon;
				ASSETCATALOG_COMPILER_GLOBAL_ACCENT_COLOR_NAME = AccentColor;
				CODE_SIGN_STYLE = Automatic;
				CURRENT_PROJECT_VERSION = 1;
				DEVELOPMENT_ASSET_PATHS = "\"FinalProject/Preview Content\"";
				ENABLE_PREVIEWS = YES;
				GENERATE_INFOPLIST_FILE = YES;
				INFOPLIST_FILE = FinalProject/Info.plist;
				INFOPLIST_KEY_UIApplicationSceneManifest_Generation = YES;
				INFOPLIST_KEY_UIApplicationSupportsIndirectInputEvents = YES;
				INFOPLIST_KEY_UILaunchScreen_Generation = YES;
				INFOPLIST_KEY_UISupportedInterfaceOrientations_iPad = "UIInterfaceOrientationPortrait UIInterfaceOrientationPortraitUpsideDown UIInterfaceOrientationLandscapeLeft UIInterfaceOrientationLandscapeRight";
				INFOPLIST_KEY_UISupportedInterfaceOrientations_iPhone = "UIInterfaceOrientationPortrait UIInterfaceOrientationLandscapeLeft UIInterfaceOrientationLandscapeRight";
				LD_RUNPATH_SEARCH_PATHS = (
					"$(inherited)",
					"@executable_path/Frameworks",
				);
				MARKETING_VERSION = 1.0;
				PRODUCT_BUNDLE_IDENTIFIER = kwk.FinalProject;
				PRODUCT_NAME = "$(TARGET_NAME)";
				SWIFT_EMIT_LOC_STRINGS = YES;
				SWIFT_VERSION = 5.0;
				TARGETED_DEVICE_FAMILY = "1,2";
			};
			name = Release;
		};
/* End XCBuildConfiguration section */

/* Begin XCConfigurationList section */
		148761DA2A4CCEB3005BA0AC /* Build configuration list for PBXProject "FinalProject" */ = {
			isa = XCConfigurationList;
			buildConfigurations = (
				148761EB2A4CCEB4005BA0AC /* Debug */,
				148761EC2A4CCEB4005BA0AC /* Release */,
			);
			defaultConfigurationIsVisible = 0;
			defaultConfigurationName = Release;
		};
		148761ED2A4CCEB4005BA0AC /* Build configuration list for PBXNativeTarget "FinalProject" */ = {
			isa = XCConfigurationList;
			buildConfigurations = (
				148761EE2A4CCEB4005BA0AC /* Debug */,
				148761EF2A4CCEB4005BA0AC /* Release */,
			);
			defaultConfigurationIsVisible = 0;
			defaultConfigurationName = Release;
		};
/* End XCConfigurationList section */
	};
	rootObject = 148761D72A4CCEB3005BA0AC /* Project object */;
}
